
Microsoft Visual Studio Solution File, Format Version 12.00
# Visual Studio Version 17
VisualStudioVersion = 17.0.31903.59
MinimumVisualStudioVersion = 10.0.40219.1
Project("{8BC9CEB8-8B4A-11D0-8D11-00A0C91BC942}") = "backend", "backend\backend.vcxproj", "{27ABAA35-FC32-4419-AB9B-5AFCAA0C8DFC}"
EndProject
Project("{8BC9CEB8-8B4A-11D0-8D11-00A0C91BC942}") = "frontend", "frontend\frontend.vcxproj", "{3689E794-56FC-4F19-B44E-6DF4EB30D7EF}"
	ProjectSection(ProjectDependencies) = postProject
		{27ABAA35-FC32-4419-AB9B-5AFCAA0C8DFC} = {27ABAA35-FC32-4419-AB9B-5AFCAA0C8DFC}
	EndProjectSection
EndProject
Project("{8BC9CEB8-8B4A-11D0-8D11-00A0C91BC942}") = "utils", "utils\utils.vcxproj", "{E85E7A60-7A0C-4110-A7EA-13ADF4747B81}"
	ProjectSection(ProjectDependencies) = postProject
		{27ABAA35-FC32-4419-AB9B-5AFCAA0C8DFC} = {27ABAA35-FC32-4419-AB9B-5AFCAA0C8DFC}
	EndProjectSection
EndProject
Global
	GlobalSection(SolutionConfigurationPlatforms) = preSolution
		Debug|x64 = Debug|x64
		Debug-BMI2|x64 = Debug-BMI2|x64
		Debug-POPCNT|x64 = Debug-POPCNT|x64
		Final|x64 = Final|x64
		Final-BMI2|x64 = Final-BMI2|x64
		Final-POPCNT|x64 = Final-POPCNT|x64
		Release|x64 = Release|x64
		Release-BMI2|x64 = Release-BMI2|x64
		Release-POPCNT|x64 = Release-POPCNT|x64
	EndGlobalSection
	GlobalSection(ProjectConfigurationPlatforms) = postSolution
		{27ABAA35-FC32-4419-AB9B-5AFCAA0C8DFC}.Debug|x64.ActiveCfg = Debug|x64
		{27ABAA35-FC32-4419-AB9B-5AFCAA0C8DFC}.Debug|x64.Build.0 = Debug|x64
		{27ABAA35-FC32-4419-AB9B-5AFCAA0C8DFC}.Debug-BMI2|x64.ActiveCfg = Debug-BMI2|x64
		{27ABAA35-FC32-4419-AB9B-5AFCAA0C8DFC}.Debug-BMI2|x64.Build.0 = Debug-BMI2|x64
		{27ABAA35-FC32-4419-AB9B-5AFCAA0C8DFC}.Debug-POPCNT|x64.ActiveCfg = Debug-POPCNT|x64
		{27ABAA35-FC32-4419-AB9B-5AFCAA0C8DFC}.Debug-POPCNT|x64.Build.0 = Debug-POPCNT|x64
		{27ABAA35-FC32-4419-AB9B-5AFCAA0C8DFC}.Final|x64.ActiveCfg = Final|x64
		{27ABAA35-FC32-4419-AB9B-5AFCAA0C8DFC}.Final|x64.Build.0 = Final|x64
		{27ABAA35-FC32-4419-AB9B-5AFCAA0C8DFC}.Final-BMI2|x64.ActiveCfg = Final-BMI2|x64
		{27ABAA35-FC32-4419-AB9B-5AFCAA0C8DFC}.Final-BMI2|x64.Build.0 = Final-BMI2|x64
		{27ABAA35-FC32-4419-AB9B-5AFCAA0C8DFC}.Final-POPCNT|x64.ActiveCfg = Final-POPCNT|x64
		{27ABAA35-FC32-4419-AB9B-5AFCAA0C8DFC}.Final-POPCNT|x64.Build.0 = Final-POPCNT|x64
		{27ABAA35-FC32-4419-AB9B-5AFCAA0C8DFC}.Release|x64.ActiveCfg = Release|x64
		{27ABAA35-FC32-4419-AB9B-5AFCAA0C8DFC}.Release|x64.Build.0 = Release|x64
		{27ABAA35-FC32-4419-AB9B-5AFCAA0C8DFC}.Release-BMI2|x64.ActiveCfg = Release-BMI2|x64
		{27ABAA35-FC32-4419-AB9B-5AFCAA0C8DFC}.Release-BMI2|x64.Build.0 = Release-BMI2|x64
		{27ABAA35-FC32-4419-AB9B-5AFCAA0C8DFC}.Release-POPCNT|x64.ActiveCfg = Release-POPCNT|x64
		{27ABAA35-FC32-4419-AB9B-5AFCAA0C8DFC}.Release-POPCNT|x64.Build.0 = Release-POPCNT|x64
		{3689E794-56FC-4F19-B44E-6DF4EB30D7EF}.Debug|x64.ActiveCfg = Debug|x64
		{3689E794-56FC-4F19-B44E-6DF4EB30D7EF}.Debug|x64.Build.0 = Debug|x64
		{3689E794-56FC-4F19-B44E-6DF4EB30D7EF}.Debug-BMI2|x64.ActiveCfg = Debug-BMI2|x64
		{3689E794-56FC-4F19-B44E-6DF4EB30D7EF}.Debug-BMI2|x64.Build.0 = Debug-BMI2|x64
		{3689E794-56FC-4F19-B44E-6DF4EB30D7EF}.Debug-POPCNT|x64.ActiveCfg = Debug-POPCNT|x64
		{3689E794-56FC-4F19-B44E-6DF4EB30D7EF}.Debug-POPCNT|x64.Build.0 = Debug-POPCNT|x64
		{3689E794-56FC-4F19-B44E-6DF4EB30D7EF}.Final|x64.ActiveCfg = Final|x64
		{3689E794-56FC-4F19-B44E-6DF4EB30D7EF}.Final|x64.Build.0 = Final|x64
		{3689E794-56FC-4F19-B44E-6DF4EB30D7EF}.Final-BMI2|x64.ActiveCfg = Final-BMI2|x64
		{3689E794-56FC-4F19-B44E-6DF4EB30D7EF}.Final-BMI2|x64.Build.0 = Final-BMI2|x64
		{3689E794-56FC-4F19-B44E-6DF4EB30D7EF}.Final-POPCNT|x64.ActiveCfg = Final-POPCNT|x64
		{3689E794-56FC-4F19-B44E-6DF4EB30D7EF}.Final-POPCNT|x64.Build.0 = Final-POPCNT|x64
		{3689E794-56FC-4F19-B44E-6DF4EB30D7EF}.Release|x64.ActiveCfg = Release|x64
		{3689E794-56FC-4F19-B44E-6DF4EB30D7EF}.Release|x64.Build.0 = Release|x64
		{3689E794-56FC-4F19-B44E-6DF4EB30D7EF}.Release-BMI2|x64.ActiveCfg = Release-BMI2|x64
		{3689E794-56FC-4F19-B44E-6DF4EB30D7EF}.Release-BMI2|x64.Build.0 = Release-BMI2|x64
		{3689E794-56FC-4F19-B44E-6DF4EB30D7EF}.Release-POPCNT|x64.ActiveCfg = Release-POPCNT|x64
		{3689E794-56FC-4F19-B44E-6DF4EB30D7EF}.Release-POPCNT|x64.Build.0 = Release-POPCNT|x64
		{E85E7A60-7A0C-4110-A7EA-13ADF4747B81}.Debug|x64.ActiveCfg = Debug|x64
		{E85E7A60-7A0C-4110-A7EA-13ADF4747B81}.Debug|x64.Build.0 = Debug|x64
		{E85E7A60-7A0C-4110-A7EA-13ADF4747B81}.Debug-BMI2|x64.ActiveCfg = Debug-BMI2|x64
		{E85E7A60-7A0C-4110-A7EA-13ADF4747B81}.Debug-BMI2|x64.Build.0 = Debug-BMI2|x64
		{E85E7A60-7A0C-4110-A7EA-13ADF4747B81}.Debug-POPCNT|x64.ActiveCfg = Debug-POPCNT|x64
		{E85E7A60-7A0C-4110-A7EA-13ADF4747B81}.Debug-POPCNT|x64.Build.0 = Debug-POPCNT|x64
		{E85E7A60-7A0C-4110-A7EA-13ADF4747B81}.Final|x64.ActiveCfg = Final|x64
		{E85E7A60-7A0C-4110-A7EA-13ADF4747B81}.Final|x64.Build.0 = Final|x64
		{E85E7A60-7A0C-4110-A7EA-13ADF4747B81}.Final-BMI2|x64.ActiveCfg = Final-BMI2|x64
		{E85E7A60-7A0C-4110-A7EA-13ADF4747B81}.Final-BMI2|x64.Build.0 = Final-BMI2|x64
		{E85E7A60-7A0C-4110-A7EA-13ADF4747B81}.Final-POPCNT|x64.ActiveCfg = Final-POPCNT|x64
		{E85E7A60-7A0C-4110-A7EA-13ADF4747B81}.Final-POPCNT|x64.Build.0 = Final-POPCNT|x64
		{E85E7A60-7A0C-4110-A7EA-13ADF4747B81}.Release|x64.ActiveCfg = Release|x64
		{E85E7A60-7A0C-4110-A7EA-13ADF4747B81}.Release|x64.Build.0 = Release|x64
		{E85E7A60-7A0C-4110-A7EA-13ADF4747B81}.Release-BMI2|x64.ActiveCfg = Release-BMI2|x64
		{E85E7A60-7A0C-4110-A7EA-13ADF4747B81}.Release-BMI2|x64.Build.0 = Release-BMI2|x64
		{E85E7A60-7A0C-4110-A7EA-13ADF4747B81}.Release-POPCNT|x64.ActiveCfg = Release-POPCNT|x64
		{E85E7A60-7A0C-4110-A7EA-13ADF4747B81}.Release-POPCNT|x64.Build.0 = Release-POPCNT|x64
	EndGlobalSection
	GlobalSection(SolutionProperties) = preSolution
		HideSolutionNode = FALSE
	EndGlobalSection
	GlobalSection(ExtensibilityGlobals) = postSolution
		SolutionGuid = {79E5713F-31A1-4316-AF86-29A50CB03E54}
	EndGlobalSection
EndGlobal
